{
  "name": "deeplink-wx",
  "version": "1.0.0",
  "lockfileVersion": 1,
  "requires": true,
  "dependencies": {
    "miniprogram-computed": {
      "version": "0.0.6",
      "resolved": "https://registry.npmjs.org/miniprogram-computed/-/miniprogram-computed-0.0.6.tgz",
      "integrity": "sha512-J47fQ+nM9hP+GHq8la5b1UvW+sxbkdy09Lf3tl+jQtxFBsDUScHoDjBqk7Dytn9REuxir4n5pomAG9/7gNEsiA=="
    },
    "vant-weapp": {
      "version": "0.4.10",
      "resolved": "https://registry.npmjs.org/vant-weapp/-/vant-weapp-0.4.10.tgz",
      "integrity": "sha512-OYMXIEe95nbgqYrPMNDtGqgIC9z8xDf7usy+4so0fzNvvXZqYvhzPrm8b04HwbNS/BihXDDLxEb01cm5vLu51w=="
    }
  }
}
